// !$*UTF8*$!
{
	archiveVersion = 1;
	classes = {
	};
	objectVersion = 56;
	objects = {

/* Begin PBXBuildFile section */
		8433892F2B675E87009118FA /* GlobalCryptoListRepositoryImpl.swift in Sources */ = {isa = PBXBuildFile; fileRef = 8433892E2B675E87009118FA /* GlobalCryptoListRepositoryImpl.swift */; };
		843389322B6765C6009118FA /* ApiDataSourceProtocol.swift in Sources */ = {isa = PBXBuildFile; fileRef = 843389312B6765C6009118FA /* ApiDataSourceProtocol.swift */; };
		843389352B676729009118FA /* ErrorRequest.swift in Sources */ = {isa = PBXBuildFile; fileRef = 843389342B676729009118FA /* ErrorRequest.swift */; };
		843389382B676A3A009118FA /* CryptocurrencyBasicDTO.swift in Sources */ = {isa = PBXBuildFile; fileRef = 843389372B676A3A009118FA /* CryptocurrencyBasicDTO.swift */; };
		8433893A2B676D4C009118FA /* CryptocurrencyPriceInfoDTO.swift in Sources */ = {isa = PBXBuildFile; fileRef = 843389392B676D4C009118FA /* CryptocurrencyPriceInfoDTO.swift */; };
		843901602B65E29F00FC762A /* CryptocurrencyEntity.swift in Sources */ = {isa = PBXBuildFile; fileRef = 8439015F2B65E29F00FC762A /* CryptocurrencyEntity.swift */; };
		843901652B65E63100FC762A /* GetGlobalCryptoListUseCase.swift in Sources */ = {isa = PBXBuildFile; fileRef = 843901642B65E63100FC762A /* GetGlobalCryptoListUseCase.swift */; };
		843901682B65EA7600FC762A /* GlobalCryptoListRepository.swift in Sources */ = {isa = PBXBuildFile; fileRef = 843901672B65EA7600FC762A /* GlobalCryptoListRepository.swift */; };
		8439016B2B65EC2D00FC762A /* CryptocurrencyDomainError.swift in Sources */ = {isa = PBXBuildFile; fileRef = 8439016A2B65EC2D00FC762A /* CryptocurrencyDomainError.swift */; };
		8439DD0F2B65D895002D931C /* CoinGeckoIOSApp.swift in Sources */ = {isa = PBXBuildFile; fileRef = 8439DD0E2B65D895002D931C /* CoinGeckoIOSApp.swift */; };
		8439DD112B65D895002D931C /* ContentView.swift in Sources */ = {isa = PBXBuildFile; fileRef = 8439DD102B65D895002D931C /* ContentView.swift */; };
		8439DD132B65D897002D931C /* Assets.xcassets in Resources */ = {isa = PBXBuildFile; fileRef = 8439DD122B65D897002D931C /* Assets.xcassets */; };
		8439DD162B65D897002D931C /* Preview Assets.xcassets in Resources */ = {isa = PBXBuildFile; fileRef = 8439DD152B65D897002D931C /* Preview Assets.xcassets */; };
		848F4B042B69D0620034CFB6 /* CryptocurrencyDomainMapper.swift in Sources */ = {isa = PBXBuildFile; fileRef = 848F4B032B69D0620034CFB6 /* CryptocurrencyDomainMapper.swift */; };
		848F4B062B69D0B40034CFB6 /* CryptocurrencyEntityBuilder.swift in Sources */ = {isa = PBXBuildFile; fileRef = 848F4B052B69D0B40034CFB6 /* CryptocurrencyEntityBuilder.swift */; };
		848F4B082B6AD7840034CFB6 /* CryptocurrencyDomainErrorMapper.swift in Sources */ = {isa = PBXBuildFile; fileRef = 848F4B072B6AD7840034CFB6 /* CryptocurrencyDomainErrorMapper.swift */; };
		848F4B0B2B6AD8680034CFB6 /* Foundation+Extensions.swift in Sources */ = {isa = PBXBuildFile; fileRef = 848F4B0A2B6AD8680034CFB6 /* Foundation+Extensions.swift */; };
		848F4B0E2B6AEF070034CFB6 /* APICryptoDataSource.swift in Sources */ = {isa = PBXBuildFile; fileRef = 848F4B0D2B6AEF070034CFB6 /* APICryptoDataSource.swift */; };
		848F4B102B6AFA440034CFB6 /* CryptocurrencyGlobalInfoDTO.swift in Sources */ = {isa = PBXBuildFile; fileRef = 848F4B0F2B6AFA440034CFB6 /* CryptocurrencyGlobalInfoDTO.swift */; };
		849924782B6C42D10064A2F8 /* Endpoint.swift in Sources */ = {isa = PBXBuildFile; fileRef = 849924772B6C42D10064A2F8 /* Endpoint.swift */; };
		8499247A2B6C430C0064A2F8 /* HTTPMethod.swift in Sources */ = {isa = PBXBuildFile; fileRef = 849924792B6C430C0064A2F8 /* HTTPMethod.swift */; };
		8499247C2B6C43AD0064A2F8 /* HTTPClientProtocol.swift in Sources */ = {isa = PBXBuildFile; fileRef = 8499247B2B6C43AD0064A2F8 /* HTTPClientProtocol.swift */; };
		849924802B6D6A490064A2F8 /* URLSessionHTTPClient.swift in Sources */ = {isa = PBXBuildFile; fileRef = 8499247F2B6D6A490064A2F8 /* URLSessionHTTPClient.swift */; };
		849924822B6D8D620064A2F8 /* URLSessionErrorReslver.swift in Sources */ = {isa = PBXBuildFile; fileRef = 849924812B6D8D620064A2F8 /* URLSessionErrorReslver.swift */; };
		849924842B6D8D850064A2F8 /* URLSessionRequestMaker.swift in Sources */ = {isa = PBXBuildFile; fileRef = 849924832B6D8D850064A2F8 /* URLSessionRequestMaker.swift */; };
/* End PBXBuildFile section */

/* Begin PBXFileReference section */
		8433892E2B675E87009118FA /* GlobalCryptoListRepositoryImpl.swift */ = {isa = PBXFileReference; lastKnownFileType = sourcecode.swift; path = GlobalCryptoListRepositoryImpl.swift; sourceTree = "<group>"; };
		843389312B6765C6009118FA /* ApiDataSourceProtocol.swift */ = {isa = PBXFileReference; lastKnownFileType = sourcecode.swift; path = ApiDataSourceProtocol.swift; sourceTree = "<group>"; };
		843389342B676729009118FA /* ErrorRequest.swift */ = {isa = PBXFileReference; lastKnownFileType = sourcecode.swift; path = ErrorRequest.swift; sourceTree = "<group>"; };
		843389372B676A3A009118FA /* CryptocurrencyBasicDTO.swift */ = {isa = PBXFileReference; lastKnownFileType = sourcecode.swift; path = CryptocurrencyBasicDTO.swift; sourceTree = "<group>"; };
		843389392B676D4C009118FA /* CryptocurrencyPriceInfoDTO.swift */ = {isa = PBXFileReference; lastKnownFileType = sourcecode.swift; path = CryptocurrencyPriceInfoDTO.swift; sourceTree = "<group>"; };
		8439015F2B65E29F00FC762A /* CryptocurrencyEntity.swift */ = {isa = PBXFileReference; lastKnownFileType = sourcecode.swift; path = CryptocurrencyEntity.swift; sourceTree = "<group>"; };
		843901642B65E63100FC762A /* GetGlobalCryptoListUseCase.swift */ = {isa = PBXFileReference; lastKnownFileType = sourcecode.swift; path = GetGlobalCryptoListUseCase.swift; sourceTree = "<group>"; };
		843901672B65EA7600FC762A /* GlobalCryptoListRepository.swift */ = {isa = PBXFileReference; lastKnownFileType = sourcecode.swift; path = GlobalCryptoListRepository.swift; sourceTree = "<group>"; };
		8439016A2B65EC2D00FC762A /* CryptocurrencyDomainError.swift */ = {isa = PBXFileReference; lastKnownFileType = sourcecode.swift; path = CryptocurrencyDomainError.swift; sourceTree = "<group>"; };
		8439DD0B2B65D895002D931C /* CoinGeckoIOS.app */ = {isa = PBXFileReference; explicitFileType = wrapper.application; includeInIndex = 0; path = CoinGeckoIOS.app; sourceTree = BUILT_PRODUCTS_DIR; };
		8439DD0E2B65D895002D931C /* CoinGeckoIOSApp.swift */ = {isa = PBXFileReference; lastKnownFileType = sourcecode.swift; path = CoinGeckoIOSApp.swift; sourceTree = "<group>"; };
		8439DD102B65D895002D931C /* ContentView.swift */ = {isa = PBXFileReference; lastKnownFileType = sourcecode.swift; path = ContentView.swift; sourceTree = "<group>"; };
		8439DD122B65D897002D931C /* Assets.xcassets */ = {isa = PBXFileReference; lastKnownFileType = folder.assetcatalog; path = Assets.xcassets; sourceTree = "<group>"; };
		8439DD152B65D897002D931C /* Preview Assets.xcassets */ = {isa = PBXFileReference; lastKnownFileType = folder.assetcatalog; path = "Preview Assets.xcassets"; sourceTree = "<group>"; };
		848F4B032B69D0620034CFB6 /* CryptocurrencyDomainMapper.swift */ = {isa = PBXFileReference; lastKnownFileType = sourcecode.swift; path = CryptocurrencyDomainMapper.swift; sourceTree = "<group>"; };
		848F4B052B69D0B40034CFB6 /* CryptocurrencyEntityBuilder.swift */ = {isa = PBXFileReference; lastKnownFileType = sourcecode.swift; path = CryptocurrencyEntityBuilder.swift; sourceTree = "<group>"; };
		848F4B072B6AD7840034CFB6 /* CryptocurrencyDomainErrorMapper.swift */ = {isa = PBXFileReference; lastKnownFileType = sourcecode.swift; path = CryptocurrencyDomainErrorMapper.swift; sourceTree = "<group>"; };
		848F4B0A2B6AD8680034CFB6 /* Foundation+Extensions.swift */ = {isa = PBXFileReference; lastKnownFileType = sourcecode.swift; path = "Foundation+Extensions.swift"; sourceTree = "<group>"; };
		848F4B0D2B6AEF070034CFB6 /* APICryptoDataSource.swift */ = {isa = PBXFileReference; lastKnownFileType = sourcecode.swift; path = APICryptoDataSource.swift; sourceTree = "<group>"; };
		848F4B0F2B6AFA440034CFB6 /* CryptocurrencyGlobalInfoDTO.swift */ = {isa = PBXFileReference; lastKnownFileType = sourcecode.swift; path = CryptocurrencyGlobalInfoDTO.swift; sourceTree = "<group>"; };
		849924772B6C42D10064A2F8 /* Endpoint.swift */ = {isa = PBXFileReference; lastKnownFileType = sourcecode.swift; path = Endpoint.swift; sourceTree = "<group>"; };
		849924792B6C430C0064A2F8 /* HTTPMethod.swift */ = {isa = PBXFileReference; lastKnownFileType = sourcecode.swift; path = HTTPMethod.swift; sourceTree = "<group>"; };
		8499247B2B6C43AD0064A2F8 /* HTTPClientProtocol.swift */ = {isa = PBXFileReference; lastKnownFileType = sourcecode.swift; path = HTTPClientProtocol.swift; sourceTree = "<group>"; };
		8499247F2B6D6A490064A2F8 /* URLSessionHTTPClient.swift */ = {isa = PBXFileReference; lastKnownFileType = sourcecode.swift; path = URLSessionHTTPClient.swift; sourceTree = "<group>"; };
		849924812B6D8D620064A2F8 /* URLSessionErrorReslver.swift */ = {isa = PBXFileReference; lastKnownFileType = sourcecode.swift; path = URLSessionErrorReslver.swift; sourceTree = "<group>"; };
		849924832B6D8D850064A2F8 /* URLSessionRequestMaker.swift */ = {isa = PBXFileReference; lastKnownFileType = sourcecode.swift; path = URLSessionRequestMaker.swift; sourceTree = "<group>"; };
/* End PBXFileReference section */

/* Begin PBXFrameworksBuildPhase section */
		8439DD082B65D895002D931C /* Frameworks */ = {
			isa = PBXFrameworksBuildPhase;
			buildActionMask = 2147483647;
			files = (
			);
			runOnlyForDeploymentPostprocessing = 0;
		};
/* End PBXFrameworksBuildPhase section */

/* Begin PBXGroup section */
		8433892C2B675D17009118FA /* Data */ = {
			isa = PBXGroup;
			children = (
				848F4B0C2B6AEED70034CFB6 /* Networking */,
				843389362B67696D009118FA /* DTOs */,
				843389332B67670D009118FA /* Error */,
				843389302B6765A5009118FA /* Interfaces */,
				8433892D2B675D23009118FA /* Repositories */,
				848F4B032B69D0620034CFB6 /* CryptocurrencyDomainMapper.swift */,
				848F4B052B69D0B40034CFB6 /* CryptocurrencyEntityBuilder.swift */,
			);
			path = Data;
			sourceTree = "<group>";
		};
		8433892D2B675D23009118FA /* Repositories */ = {
			isa = PBXGroup;
			children = (
				8433892E2B675E87009118FA /* GlobalCryptoListRepositoryImpl.swift */,
			);
			path = Repositories;
			sourceTree = "<group>";
		};
		843389302B6765A5009118FA /* Interfaces */ = {
			isa = PBXGroup;
			children = (
				843389312B6765C6009118FA /* ApiDataSourceProtocol.swift */,
				8499247B2B6C43AD0064A2F8 /* HTTPClientProtocol.swift */,
			);
			path = Interfaces;
			sourceTree = "<group>";
		};
		843389332B67670D009118FA /* Error */ = {
			isa = PBXGroup;
			children = (
				843389342B676729009118FA /* ErrorRequest.swift */,
				848F4B072B6AD7840034CFB6 /* CryptocurrencyDomainErrorMapper.swift */,
			);
			path = Error;
			sourceTree = "<group>";
		};
		843389362B67696D009118FA /* DTOs */ = {
			isa = PBXGroup;
			children = (
				843389372B676A3A009118FA /* CryptocurrencyBasicDTO.swift */,
				843389392B676D4C009118FA /* CryptocurrencyPriceInfoDTO.swift */,
				848F4B0F2B6AFA440034CFB6 /* CryptocurrencyGlobalInfoDTO.swift */,
			);
			path = DTOs;
			sourceTree = "<group>";
		};
		843901592B65DF6E00FC762A /* Domain */ = {
			isa = PBXGroup;
			children = (
				843901692B65EC0F00FC762A /* Shared */,
				843901662B65EA3C00FC762A /* Interfaces */,
				843901612B65E46300FC762A /* Use cases */,
				8439015A2B65DF9100FC762A /* Entities */,
			);
			path = Domain;
			sourceTree = "<group>";
		};
		8439015A2B65DF9100FC762A /* Entities */ = {
			isa = PBXGroup;
			children = (
				8439015F2B65E29F00FC762A /* CryptocurrencyEntity.swift */,
			);
			path = Entities;
			sourceTree = "<group>";
		};
		843901612B65E46300FC762A /* Use cases */ = {
			isa = PBXGroup;
			children = (
				843901642B65E63100FC762A /* GetGlobalCryptoListUseCase.swift */,
			);
			path = "Use cases";
			sourceTree = "<group>";
		};
		843901662B65EA3C00FC762A /* Interfaces */ = {
			isa = PBXGroup;
			children = (
				843901672B65EA7600FC762A /* GlobalCryptoListRepository.swift */,
			);
			path = Interfaces;
			sourceTree = "<group>";
		};
		843901692B65EC0F00FC762A /* Shared */ = {
			isa = PBXGroup;
			children = (
				8439016A2B65EC2D00FC762A /* CryptocurrencyDomainError.swift */,
			);
			path = Shared;
			sourceTree = "<group>";
		};
		8439DD022B65D895002D931C = {
			isa = PBXGroup;
			children = (
				8439DD0D2B65D895002D931C /* CoinGeckoIOS */,
				8439DD0C2B65D895002D931C /* Products */,
			);
			sourceTree = "<group>";
		};
		8439DD0C2B65D895002D931C /* Products */ = {
			isa = PBXGroup;
			children = (
				8439DD0B2B65D895002D931C /* CoinGeckoIOS.app */,
			);
			name = Products;
			sourceTree = "<group>";
		};
		8439DD0D2B65D895002D931C /* CoinGeckoIOS */ = {
			isa = PBXGroup;
			children = (
				8499247D2B6C449B0064A2F8 /* Infrastructure */,
				848F4B092B6AD83D0034CFB6 /* Utils */,
				8433892C2B675D17009118FA /* Data */,
				843901592B65DF6E00FC762A /* Domain */,
				8439DD0E2B65D895002D931C /* CoinGeckoIOSApp.swift */,
				8439DD102B65D895002D931C /* ContentView.swift */,
				8439DD122B65D897002D931C /* Assets.xcassets */,
				8439DD142B65D897002D931C /* Preview Content */,
			);
			path = CoinGeckoIOS;
			sourceTree = "<group>";
		};
		8439DD142B65D897002D931C /* Preview Content */ = {
			isa = PBXGroup;
			children = (
				8439DD152B65D897002D931C /* Preview Assets.xcassets */,
			);
			path = "Preview Content";
			sourceTree = "<group>";
		};
		848F4B092B6AD83D0034CFB6 /* Utils */ = {
			isa = PBXGroup;
			children = (
				848F4B0A2B6AD8680034CFB6 /* Foundation+Extensions.swift */,
			);
			path = Utils;
			sourceTree = "<group>";
		};
		848F4B0C2B6AEED70034CFB6 /* Networking */ = {
			isa = PBXGroup;
			children = (
				848F4B0D2B6AEF070034CFB6 /* APICryptoDataSource.swift */,
				849924772B6C42D10064A2F8 /* Endpoint.swift */,
				849924792B6C430C0064A2F8 /* HTTPMethod.swift */,
			);
			path = Networking;
			sourceTree = "<group>";
		};
		8499247D2B6C449B0064A2F8 /* Infrastructure */ = {
			isa = PBXGroup;
			children = (
				8499247E2B6C44D50064A2F8 /* Networking */,
			);
			path = Infrastructure;
			sourceTree = "<group>";
		};
		8499247E2B6C44D50064A2F8 /* Networking */ = {
			isa = PBXGroup;
			children = (
				8499247F2B6D6A490064A2F8 /* URLSessionHTTPClient.swift */,
				849924812B6D8D620064A2F8 /* URLSessionErrorReslver.swift */,
				849924832B6D8D850064A2F8 /* URLSessionRequestMaker.swift */,
			);
			path = Networking;
			sourceTree = "<group>";
		};
/* End PBXGroup section */

/* Begin PBXNativeTarget section */
		8439DD0A2B65D895002D931C /* CoinGeckoIOS */ = {
			isa = PBXNativeTarget;
			buildConfigurationList = 8439DD192B65D897002D931C /* Build configuration list for PBXNativeTarget "CoinGeckoIOS" */;
			buildPhases = (
				8439DD072B65D895002D931C /* Sources */,
				8439DD082B65D895002D931C /* Frameworks */,
				8439DD092B65D895002D931C /* Resources */,
			);
			buildRules = (
			);
			dependencies = (
			);
			name = CoinGeckoIOS;
			productName = CoinGeckoIOS;
			productReference = 8439DD0B2B65D895002D931C /* CoinGeckoIOS.app */;
			productType = "com.apple.product-type.application";
		};
/* End PBXNativeTarget section */

/* Begin PBXProject section */
		8439DD032B65D895002D931C /* Project object */ = {
			isa = PBXProject;
			attributes = {
				BuildIndependentTargetsInParallel = 1;
				LastSwiftUpdateCheck = 1520;
				LastUpgradeCheck = 1520;
				TargetAttributes = {
					8439DD0A2B65D895002D931C = {
						CreatedOnToolsVersion = 15.2;
					};
				};
			};
			buildConfigurationList = 8439DD062B65D895002D931C /* Build configuration list for PBXProject "CoinGeckoIOS" */;
			compatibilityVersion = "Xcode 14.0";
			developmentRegion = en;
			hasScannedForEncodings = 0;
			knownRegions = (
				en,
				Base,
			);
			mainGroup = 8439DD022B65D895002D931C;
			productRefGroup = 8439DD0C2B65D895002D931C /* Products */;
			projectDirPath = "";
			projectRoot = "";
			targets = (
				8439DD0A2B65D895002D931C /* CoinGeckoIOS */,
			);
		};
/* End PBXProject section */

/* Begin PBXResourcesBuildPhase section */
		8439DD092B65D895002D931C /* Resources */ = {
			isa = PBXResourcesBuildPhase;
			buildActionMask = 2147483647;
			files = (
				8439DD162B65D897002D931C /* Preview Assets.xcassets in Resources */,
				8439DD132B65D897002D931C /* Assets.xcassets in Resources */,
			);
			runOnlyForDeploymentPostprocessing = 0;
		};
/* End PBXResourcesBuildPhase section */

/* Begin PBXSourcesBuildPhase section */
		8439DD072B65D895002D931C /* Sources */ = {
			isa = PBXSourcesBuildPhase;
			buildActionMask = 2147483647;
			files = (
				8499247C2B6C43AD0064A2F8 /* HTTPClientProtocol.swift in Sources */,
				8499247A2B6C430C0064A2F8 /* HTTPMethod.swift in Sources */,
				848F4B062B69D0B40034CFB6 /* CryptocurrencyEntityBuilder.swift in Sources */,
				849924822B6D8D620064A2F8 /* URLSessionErrorReslver.swift in Sources */,
				843901652B65E63100FC762A /* GetGlobalCryptoListUseCase.swift in Sources */,
				8433892F2B675E87009118FA /* GlobalCryptoListRepositoryImpl.swift in Sources */,
				843901602B65E29F00FC762A /* CryptocurrencyEntity.swift in Sources */,
				843389322B6765C6009118FA /* ApiDataSourceProtocol.swift in Sources */,
				8433893A2B676D4C009118FA /* CryptocurrencyPriceInfoDTO.swift in Sources */,
				8439DD112B65D895002D931C /* ContentView.swift in Sources */,
				843901682B65EA7600FC762A /* GlobalCryptoListRepository.swift in Sources */,
				848F4B0B2B6AD8680034CFB6 /* Foundation+Extensions.swift in Sources */,
				843389382B676A3A009118FA /* CryptocurrencyBasicDTO.swift in Sources */,
				849924782B6C42D10064A2F8 /* Endpoint.swift in Sources */,
				848F4B0E2B6AEF070034CFB6 /* APICryptoDataSource.swift in Sources */,
				849924802B6D6A490064A2F8 /* URLSessionHTTPClient.swift in Sources */,
				849924842B6D8D850064A2F8 /* URLSessionRequestMaker.swift in Sources */,
				848F4B042B69D0620034CFB6 /* CryptocurrencyDomainMapper.swift in Sources */,
				848F4B102B6AFA440034CFB6 /* CryptocurrencyGlobalInfoDTO.swift in Sources */,
				843389352B676729009118FA /* ErrorRequest.swift in Sources */,
				848F4B082B6AD7840034CFB6 /* CryptocurrencyDomainErrorMapper.swift in Sources */,
				8439016B2B65EC2D00FC762A /* CryptocurrencyDomainError.swift in Sources */,
				8439DD0F2B65D895002D931C /* CoinGeckoIOSApp.swift in Sources */,
			);
			runOnlyForDeploymentPostprocessing = 0;
		};
/* End PBXSourcesBuildPhase section */

/* Begin XCBuildConfiguration section */
		8439DD172B65D897002D931C /* Debug */ = {
			isa = XCBuildConfiguration;
			buildSettings = {
				ALWAYS_SEARCH_USER_PATHS = NO;
				ASSETCATALOG_COMPILER_GENERATE_SWIFT_ASSET_SYMBOL_EXTENSIONS = YES;
				CLANG_ANALYZER_NONNULL = YES;
				CLANG_ANALYZER_NUMBER_OBJECT_CONVERSION = YES_AGGRESSIVE;
				CLANG_CXX_LANGUAGE_STANDARD = "gnu++20";
				CLANG_ENABLE_MODULES = YES;
				CLANG_ENABLE_OBJC_ARC = YES;
				CLANG_ENABLE_OBJC_WEAK = YES;
				CLANG_WARN_BLOCK_CAPTURE_AUTORELEASING = YES;
				CLANG_WARN_BOOL_CONVERSION = YES;
				CLANG_WARN_COMMA = YES;
				CLANG_WARN_CONSTANT_CONVERSION = YES;
				CLANG_WARN_DEPRECATED_OBJC_IMPLEMENTATIONS = YES;
				CLANG_WARN_DIRECT_OBJC_ISA_USAGE = YES_ERROR;
				CLANG_WARN_DOCUMENTATION_COMMENTS = YES;
				CLANG_WARN_EMPTY_BODY = YES;
				CLANG_WARN_ENUM_CONVERSION = YES;
				CLANG_WARN_INFINITE_RECURSION = YES;
				CLANG_WARN_INT_CONVERSION = YES;
				CLANG_WARN_NON_LITERAL_NULL_CONVERSION = YES;
				CLANG_WARN_OBJC_IMPLICIT_RETAIN_SELF = YES;
				CLANG_WARN_OBJC_LITERAL_CONVERSION = YES;
				CLANG_WARN_OBJC_ROOT_CLASS = YES_ERROR;
				CLANG_WARN_QUOTED_INCLUDE_IN_FRAMEWORK_HEADER = YES;
				CLANG_WARN_RANGE_LOOP_ANALYSIS = YES;
				CLANG_WARN_STRICT_PROTOTYPES = YES;
				CLANG_WARN_SUSPICIOUS_MOVE = YES;
				CLANG_WARN_UNGUARDED_AVAILABILITY = YES_AGGRESSIVE;
				CLANG_WARN_UNREACHABLE_CODE = YES;
				CLANG_WARN__DUPLICATE_METHOD_MATCH = YES;
				COPY_PHASE_STRIP = NO;
				DEBUG_INFORMATION_FORMAT = dwarf;
				ENABLE_STRICT_OBJC_MSGSEND = YES;
				ENABLE_TESTABILITY = YES;
				ENABLE_USER_SCRIPT_SANDBOXING = YES;
				GCC_C_LANGUAGE_STANDARD = gnu17;
				GCC_DYNAMIC_NO_PIC = NO;
				GCC_NO_COMMON_BLOCKS = YES;
				GCC_OPTIMIZATION_LEVEL = 0;
				GCC_PREPROCESSOR_DEFINITIONS = (
					"DEBUG=1",
					"$(inherited)",
				);
				GCC_WARN_64_TO_32_BIT_CONVERSION = YES;
				GCC_WARN_ABOUT_RETURN_TYPE = YES_ERROR;
				GCC_WARN_UNDECLARED_SELECTOR = YES;
				GCC_WARN_UNINITIALIZED_AUTOS = YES_AGGRESSIVE;
				GCC_WARN_UNUSED_FUNCTION = YES;
				GCC_WARN_UNUSED_VARIABLE = YES;
				IPHONEOS_DEPLOYMENT_TARGET = 17.2;
				LOCALIZATION_PREFERS_STRING_CATALOGS = YES;
				MTL_ENABLE_DEBUG_INFO = INCLUDE_SOURCE;
				MTL_FAST_MATH = YES;
				ONLY_ACTIVE_ARCH = YES;
				SDKROOT = iphoneos;
				SWIFT_ACTIVE_COMPILATION_CONDITIONS = "DEBUG $(inherited)";
				SWIFT_OPTIMIZATION_LEVEL = "-Onone";
			};
			name = Debug;
		};
		8439DD182B65D897002D931C /* Release */ = {
			isa = XCBuildConfiguration;
			buildSettings = {
				ALWAYS_SEARCH_USER_PATHS = NO;
				ASSETCATALOG_COMPILER_GENERATE_SWIFT_ASSET_SYMBOL_EXTENSIONS = YES;
				CLANG_ANALYZER_NONNULL = YES;
				CLANG_ANALYZER_NUMBER_OBJECT_CONVERSION = YES_AGGRESSIVE;
				CLANG_CXX_LANGUAGE_STANDARD = "gnu++20";
				CLANG_ENABLE_MODULES = YES;
				CLANG_ENABLE_OBJC_ARC = YES;
				CLANG_ENABLE_OBJC_WEAK = YES;
				CLANG_WARN_BLOCK_CAPTURE_AUTORELEASING = YES;
				CLANG_WARN_BOOL_CONVERSION = YES;
				CLANG_WARN_COMMA = YES;
				CLANG_WARN_CONSTANT_CONVERSION = YES;
				CLANG_WARN_DEPRECATED_OBJC_IMPLEMENTATIONS = YES;
				CLANG_WARN_DIRECT_OBJC_ISA_USAGE = YES_ERROR;
				CLANG_WARN_DOCUMENTATION_COMMENTS = YES;
				CLANG_WARN_EMPTY_BODY = YES;
				CLANG_WARN_ENUM_CONVERSION = YES;
				CLANG_WARN_INFINITE_RECURSION = YES;
				CLANG_WARN_INT_CONVERSION = YES;
				CLANG_WARN_NON_LITERAL_NULL_CONVERSION = YES;
				CLANG_WARN_OBJC_IMPLICIT_RETAIN_SELF = YES;
				CLANG_WARN_OBJC_LITERAL_CONVERSION = YES;
				CLANG_WARN_OBJC_ROOT_CLASS = YES_ERROR;
				CLANG_WARN_QUOTED_INCLUDE_IN_FRAMEWORK_HEADER = YES;
				CLANG_WARN_RANGE_LOOP_ANALYSIS = YES;
				CLANG_WARN_STRICT_PROTOTYPES = YES;
				CLANG_WARN_SUSPICIOUS_MOVE = YES;
				CLANG_WARN_UNGUARDED_AVAILABILITY = YES_AGGRESSIVE;
				CLANG_WARN_UNREACHABLE_CODE = YES;
				CLANG_WARN__DUPLICATE_METHOD_MATCH = YES;
				COPY_PHASE_STRIP = NO;
				DEBUG_INFORMATION_FORMAT = "dwarf-with-dsym";
				ENABLE_NS_ASSERTIONS = NO;
				ENABLE_STRICT_OBJC_MSGSEND = YES;
				ENABLE_USER_SCRIPT_SANDBOXING = YES;
				GCC_C_LANGUAGE_STANDARD = gnu17;
				GCC_NO_COMMON_BLOCKS = YES;
				GCC_WARN_64_TO_32_BIT_CONVERSION = YES;
				GCC_WARN_ABOUT_RETURN_TYPE = YES_ERROR;
				GCC_WARN_UNDECLARED_SELECTOR = YES;
				GCC_WARN_UNINITIALIZED_AUTOS = YES_AGGRESSIVE;
				GCC_WARN_UNUSED_FUNCTION = YES;
				GCC_WARN_UNUSED_VARIABLE = YES;
				IPHONEOS_DEPLOYMENT_TARGET = 17.2;
				LOCALIZATION_PREFERS_STRING_CATALOGS = YES;
				MTL_ENABLE_DEBUG_INFO = NO;
				MTL_FAST_MATH = YES;
				SDKROOT = iphoneos;
				SWIFT_COMPILATION_MODE = wholemodule;
				VALIDATE_PRODUCT = YES;
			};
			name = Release;
		};
		8439DD1A2B65D897002D931C /* Debug */ = {
			isa = XCBuildConfiguration;
			buildSettings = {
				ASSETCATALOG_COMPILER_APPICON_NAME = AppIcon;
				ASSETCATALOG_COMPILER_GLOBAL_ACCENT_COLOR_NAME = AccentColor;
				CODE_SIGN_STYLE = Automatic;
				CURRENT_PROJECT_VERSION = 1;
				DEVELOPMENT_ASSET_PATHS = "\"CoinGeckoIOS/Preview Content\"";
				DEVELOPMENT_TEAM = 85G7CTGPPS;
				ENABLE_PREVIEWS = YES;
				GENERATE_INFOPLIST_FILE = YES;
				INFOPLIST_KEY_UIApplicationSceneManifest_Generation = YES;
				INFOPLIST_KEY_UIApplicationSupportsIndirectInputEvents = YES;
				INFOPLIST_KEY_UILaunchScreen_Generation = YES;
				INFOPLIST_KEY_UISupportedInterfaceOrientations_iPad = "UIInterfaceOrientationPortrait UIInterfaceOrientationPortraitUpsideDown UIInterfaceOrientationLandscapeLeft UIInterfaceOrientationLandscapeRight";
				INFOPLIST_KEY_UISupportedInterfaceOrientations_iPhone = "UIInterfaceOrientationPortrait UIInterfaceOrientationLandscapeLeft UIInterfaceOrientationLandscapeRight";
				LD_RUNPATH_SEARCH_PATHS = (
					"$(inherited)",
					"@executable_path/Frameworks",
				);
				MARKETING_VERSION = 1.0;
				PRODUCT_BUNDLE_IDENTIFIER = me.teodoro.calle.CoinGeckoIOS;
				PRODUCT_NAME = "$(TARGET_NAME)";
				SWIFT_EMIT_LOC_STRINGS = YES;
				SWIFT_VERSION = 5.0;
				TARGETED_DEVICE_FAMILY = "1,2";
			};
			name = Debug;
		};
		8439DD1B2B65D897002D931C /* Release */ = {
			isa = XCBuildConfiguration;
			buildSettings = {
				ASSETCATALOG_COMPILER_APPICON_NAME = AppIcon;
				ASSETCATALOG_COMPILER_GLOBAL_ACCENT_COLOR_NAME = AccentColor;
				CODE_SIGN_STYLE = Automatic;
				CURRENT_PROJECT_VERSION = 1;
				DEVELOPMENT_ASSET_PATHS = "\"CoinGeckoIOS/Preview Content\"";
				DEVELOPMENT_TEAM = 85G7CTGPPS;
				ENABLE_PREVIEWS = YES;
				GENERATE_INFOPLIST_FILE = YES;
				INFOPLIST_KEY_UIApplicationSceneManifest_Generation = YES;
				INFOPLIST_KEY_UIApplicationSupportsIndirectInputEvents = YES;
				INFOPLIST_KEY_UILaunchScreen_Generation = YES;
				INFOPLIST_KEY_UISupportedInterfaceOrientations_iPad = "UIInterfaceOrientationPortrait UIInterfaceOrientationPortraitUpsideDown UIInterfaceOrientationLandscapeLeft UIInterfaceOrientationLandscapeRight";
				INFOPLIST_KEY_UISupportedInterfaceOrientations_iPhone = "UIInterfaceOrientationPortrait UIInterfaceOrientationLandscapeLeft UIInterfaceOrientationLandscapeRight";
				LD_RUNPATH_SEARCH_PATHS = (
					"$(inherited)",
					"@executable_path/Frameworks",
				);
				MARKETING_VERSION = 1.0;
				PRODUCT_BUNDLE_IDENTIFIER = me.teodoro.calle.CoinGeckoIOS;
				PRODUCT_NAME = "$(TARGET_NAME)";
				SWIFT_EMIT_LOC_STRINGS = YES;
				SWIFT_VERSION = 5.0;
				TARGETED_DEVICE_FAMILY = "1,2";
			};
			name = Release;
		};
/* End XCBuildConfiguration section */

/* Begin XCConfigurationList section */
		8439DD062B65D895002D931C /* Build configuration list for PBXProject "CoinGeckoIOS" */ = {
			isa = XCConfigurationList;
			buildConfigurations = (
				8439DD172B65D897002D931C /* Debug */,
				8439DD182B65D897002D931C /* Release */,
			);
			defaultConfigurationIsVisible = 0;
			defaultConfigurationName = Release;
		};
		8439DD192B65D897002D931C /* Build configuration list for PBXNativeTarget "CoinGeckoIOS" */ = {
			isa = XCConfigurationList;
			buildConfigurations = (
				8439DD1A2B65D897002D931C /* Debug */,
				8439DD1B2B65D897002D931C /* Release */,
			);
			defaultConfigurationIsVisible = 0;
			defaultConfigurationName = Release;
		};
/* End XCConfigurationList section */
	};
	rootObject = 8439DD032B65D895002D931C /* Project object */;
}
